
Microsoft Visual Studio Solution File, Format Version 12.00
# Visual Studio Version 16
VisualStudioVersion = 16.0.31624.102
MinimumVisualStudioVersion = 10.0.40219.1
Project("{FAE04EC0-301F-11D3-BF4B-00C04F79EFBC}") = "MazeRunner", "MazeRunner\MazeRunner.csproj", "{866EEAFC-D795-4B46-A008-8DD73FB9F14E}"
EndProject
Global
	GlobalSection(SolutionConfigurationPlatforms) = preSolution
		Debug|Any CPU = Debug|Any CPU
		Release|Any CPU = Release|Any CPU
	EndGlobalSection
	GlobalSection(ProjectConfigurationPlatforms) = postSolution
		{866EEAFC-D795-4B46-A008-8DD73FB9F14E}.Debug|Any CPU.ActiveCfg = Debug|Any CPU
		{866EEAFC-D795-4B46-A008-8DD73FB9F14E}.Debug|Any CPU.Build.0 = Debug|Any CPU
		{866EEAFC-D795-4B46-A008-8DD73FB9F14E}.Release|Any CPU.ActiveCfg = Release|Any CPU
		{866EEAFC-D795-4B46-A008-8DD73FB9F14E}.Release|Any CPU.Build.0 = Release|Any CPU
	EndGlobalSection
	GlobalSection(SolutionProperties) = preSolution
		HideSolutionNode = FALSE
	EndGlobalSection
	GlobalSection(ExtensibilityGlobals) = postSolution
		SolutionGuid = {E94C820A-F731-4343-9E1E-674970FED77F}
	EndGlobalSection
EndGlobal
